Microsoft Visual Studio Solution File, Format Version 12.00
# Visual Studio Version 17
VisualStudioVersion = 17.9.34714.143
MinimumVisualStudioVersion = 10.0.40219.1
Project("{9A19103F-16F7-4668-BE54-9A1E7A4F7556}") = "xAPI", "xAPI.csproj", "{B9F1BE89-D268-4FE5-B39C-CBABFBB163EC}"
EndProject
Project("{FAE04EC0-301F-11D3-BF4B-00C04F79EFBC}") = "TestApiXtb", "..\TestApiXtb\TestApiXtb.csproj", "{A6177117-07EE-4FD5-BA65-202740567B09}"
EndProject
Global
	GlobalSection(SolutionConfigurationPlatforms) = preSolution
		Debug|Any CPU = Debug|Any CPU
		Release|Any CPU = Release|Any CPU
	EndGlobalSection
	GlobalSection(ProjectConfigurationPlatforms) = postSolution
		{B9F1BE89-D268-4FE5-B39C-CBABFBB163EC}.Debug|Any CPU.ActiveCfg = Debug|Any CPU
		{B9F1BE89-D268-4FE5-B39C-CBABFBB163EC}.Debug|Any CPU.Build.0 = Debug|Any CPU
		{B9F1BE89-D268-4FE5-B39C-CBABFBB163EC}.Release|Any CPU.ActiveCfg = Release|Any CPU
		{B9F1BE89-D268-4FE5-B39C-CBABFBB163EC}.Release|Any CPU.Build.0 = Release|Any CPU
		{A6177117-07EE-4FD5-BA65-202740567B09}.Debug|Any CPU.ActiveCfg = Debug|Any CPU
		{A6177117-07EE-4FD5-BA65-202740567B09}.Debug|Any CPU.Build.0 = Debug|Any CPU
		{A6177117-07EE-4FD5-BA65-202740567B09}.Release|Any CPU.ActiveCfg = Release|Any CPU
		{A6177117-07EE-4FD5-BA65-202740567B09}.Release|Any CPU.Build.0 = Release|Any CPU
	EndGlobalSection
	GlobalSection(SolutionProperties) = preSolution
		HideSolutionNode = FALSE
	EndGlobalSection
EndGlobal
