
Microsoft Visual Studio Solution File, Format Version 11.00
# Visual Studio 2010
Project("{9A19103F-16F7-4668-BE54-9A1E7A4F7556}") = "xAPI", "xAPI.csproj", "{B9F1BE89-D268-4FE5-B39C-CBABFBB163EC}"
EndProject
Global
	GlobalSection(SolutionConfigurationPlatforms) = preSolution
		Debug|Any CPU = Debug|Any CPU
		Release|Any CPU = Release|Any CPU
	EndGlobalSection
	GlobalSection(ProjectConfigurationPlatforms) = postSolution
		{B9F1BE89-D268-4FE5-B39C-CBABFBB163EC}.Debug|Any CPU.ActiveCfg = Debug|Any CPU
		{B9F1BE89-D268-4FE5-B39C-CBABFBB163EC}.Debug|Any CPU.Build.0 = Debug|Any CPU
		{B9F1BE89-D268-4FE5-B39C-CBABFBB163EC}.Release|Any CPU.ActiveCfg = Release|Any CPU
		{B9F1BE89-D268-4FE5-B39C-CBABFBB163EC}.Release|Any CPU.Build.0 = Release|Any CPU
	EndGlobalSection
	GlobalSection(SolutionProperties) = preSolution
		HideSolutionNode = FALSE
	EndGlobalSection
EndGlobal
